
Microsoft Visual Studio Solution File, Format Version 12.00
# Visual Studio Version 17
VisualStudioVersion = 17.13.35825.156
MinimumVisualStudioVersion = 10.0.40219.1
Project("{FAE04EC0-301F-11D3-BF4B-00C04F79EFBC}") = "Calculator", "Calculator.csproj", "{54741AA1-9E5E-4FCE-8F98-912F08A85672}"
EndProject
Project("{FAE04EC0-301F-11D3-BF4B-00C04F79EFBC}") = "CalculatorLibrary", "..\Library\CalculatorLibrary.csproj", "{3B19C631-9DE4-C3BC-BA22-EBF0A4A89E8A}"
EndProject
Project("{FAE04EC0-301F-11D3-BF4B-00C04F79EFBC}") = "CalculatorTest", "..\CalculatorTest\CalculatorTest.csproj", "{4E28A147-2FB5-4488-9D61-90F4CE450E68}"
EndProject
Project("{FAE04EC0-301F-11D3-BF4B-00C04F79EFBC}") = "CalculatorUi", "..\CalculatorUi\CalculatorUi.csproj", "{67768311-5016-4E17-B49F-0AB235C75873}"
EndProject
Global
	GlobalSection(SolutionConfigurationPlatforms) = preSolution
		Debug|Any CPU = Debug|Any CPU
		Release|Any CPU = Release|Any CPU
	EndGlobalSection
	GlobalSection(ProjectConfigurationPlatforms) = postSolution
		{54741AA1-9E5E-4FCE-8F98-912F08A85672}.Debug|Any CPU.ActiveCfg = Debug|Any CPU
		{54741AA1-9E5E-4FCE-8F98-912F08A85672}.Debug|Any CPU.Build.0 = Debug|Any CPU
		{54741AA1-9E5E-4FCE-8F98-912F08A85672}.Release|Any CPU.ActiveCfg = Release|Any CPU
		{54741AA1-9E5E-4FCE-8F98-912F08A85672}.Release|Any CPU.Build.0 = Release|Any CPU
		{3B19C631-9DE4-C3BC-BA22-EBF0A4A89E8A}.Debug|Any CPU.ActiveCfg = Debug|Any CPU
		{3B19C631-9DE4-C3BC-BA22-EBF0A4A89E8A}.Debug|Any CPU.Build.0 = Debug|Any CPU
		{3B19C631-9DE4-C3BC-BA22-EBF0A4A89E8A}.Release|Any CPU.ActiveCfg = Release|Any CPU
		{3B19C631-9DE4-C3BC-BA22-EBF0A4A89E8A}.Release|Any CPU.Build.0 = Release|Any CPU
		{4E28A147-2FB5-4488-9D61-90F4CE450E68}.Debug|Any CPU.ActiveCfg = Debug|Any CPU
		{4E28A147-2FB5-4488-9D61-90F4CE450E68}.Debug|Any CPU.Build.0 = Debug|Any CPU
		{4E28A147-2FB5-4488-9D61-90F4CE450E68}.Release|Any CPU.ActiveCfg = Release|Any CPU
		{4E28A147-2FB5-4488-9D61-90F4CE450E68}.Release|Any CPU.Build.0 = Release|Any CPU
		{67768311-5016-4E17-B49F-0AB235C75873}.Debug|Any CPU.ActiveCfg = Debug|Any CPU
		{67768311-5016-4E17-B49F-0AB235C75873}.Debug|Any CPU.Build.0 = Debug|Any CPU
		{67768311-5016-4E17-B49F-0AB235C75873}.Release|Any CPU.ActiveCfg = Release|Any CPU
		{67768311-5016-4E17-B49F-0AB235C75873}.Release|Any CPU.Build.0 = Release|Any CPU
	EndGlobalSection
	GlobalSection(SolutionProperties) = preSolution
		HideSolutionNode = FALSE
	EndGlobalSection
	GlobalSection(ExtensibilityGlobals) = postSolution
		SolutionGuid = {48649FAE-5F75-4424-9FFC-9A6BC836C885}
	EndGlobalSection
EndGlobal
