
Microsoft Visual Studio Solution File, Format Version 12.00
# Visual Studio Version 17
VisualStudioVersion = 17.13.35825.156 d17.13
MinimumVisualStudioVersion = 10.0.40219.1
Project("{FAE04EC0-301F-11D3-BF4B-00C04F79EFBC}") = "Calculator", "Calculator.csproj", "{0A4FD9C1-90A1-475F-AB42-F3FA6119CEBF}"
EndProject
Global
	GlobalSection(SolutionConfigurationPlatforms) = preSolution
		Debug|Any CPU = Debug|Any CPU
		Release|Any CPU = Release|Any CPU
	EndGlobalSection
	GlobalSection(ProjectConfigurationPlatforms) = postSolution
		{0A4FD9C1-90A1-475F-AB42-F3FA6119CEBF}.Debug|Any CPU.ActiveCfg = Debug|Any CPU
		{0A4FD9C1-90A1-475F-AB42-F3FA6119CEBF}.Debug|Any CPU.Build.0 = Debug|Any CPU
		{0A4FD9C1-90A1-475F-AB42-F3FA6119CEBF}.Release|Any CPU.ActiveCfg = Release|Any CPU
		{0A4FD9C1-90A1-475F-AB42-F3FA6119CEBF}.Release|Any CPU.Build.0 = Release|Any CPU
	EndGlobalSection
	GlobalSection(SolutionProperties) = preSolution
		HideSolutionNode = FALSE
	EndGlobalSection
	GlobalSection(ExtensibilityGlobals) = postSolution
		SolutionGuid = {84CFBBDE-C5F9-4DF8-A700-D1A86D7DE066}
	EndGlobalSection
EndGlobal
